
Microsoft Visual Studio Solution File, Format Version 12.00
# Visual Studio Version 17
VisualStudioVersion = 17.5.33516.290
MinimumVisualStudioVersion = 10.0.40219.1
Project("{9A19103F-16F7-4668-BE54-9A1E7A4F7556}") = "Recipie_Management_App", "Recipie_Management_App\Recipie_Management_App.csproj", "{9E66FFF0-7FE0-456F-8093-E2F5EA3A8B49}"
EndProject
Global
	GlobalSection(SolutionConfigurationPlatforms) = preSolution
		Debug|Any CPU = Debug|Any CPU
		Release|Any CPU = Release|Any CPU
	EndGlobalSection
	GlobalSection(ProjectConfigurationPlatforms) = postSolution
		{9E66FFF0-7FE0-456F-8093-E2F5EA3A8B49}.Debug|Any CPU.ActiveCfg = Debug|Any CPU
		{9E66FFF0-7FE0-456F-8093-E2F5EA3A8B49}.Debug|Any CPU.Build.0 = Debug|Any CPU
		{9E66FFF0-7FE0-456F-8093-E2F5EA3A8B49}.Release|Any CPU.ActiveCfg = Release|Any CPU
		{9E66FFF0-7FE0-456F-8093-E2F5EA3A8B49}.Release|Any CPU.Build.0 = Release|Any CPU
	EndGlobalSection
	GlobalSection(SolutionProperties) = preSolution
		HideSolutionNode = FALSE
	EndGlobalSection
	GlobalSection(ExtensibilityGlobals) = postSolution
		SolutionGuid = {676A55A5-827B-4A35-B576-DCE2FF272341}
	EndGlobalSection
EndGlobal
